
Microsoft Visual Studio Solution File, Format Version 12.00
# Visual Studio 15
VisualStudioVersion = 15.0.28307.168
MinimumVisualStudioVersion = 10.0.40219.1
Project("{FAE04EC0-301F-11D3-BF4B-00C04F79EFBC}") = "BookListMVC", "BookListMVC\BookListMVC.csproj", "{040E18BC-4FC5-40EC-ADD0-E127C6FD65C3}"
EndProject
Global
	GlobalSection(SolutionConfigurationPlatforms) = preSolution
		Debug|Any CPU = Debug|Any CPU
		Release|Any CPU = Release|Any CPU
	EndGlobalSection
	GlobalSection(ProjectConfigurationPlatforms) = postSolution
		{040E18BC-4FC5-40EC-ADD0-E127C6FD65C3}.Debug|Any CPU.ActiveCfg = Debug|Any CPU
		{040E18BC-4FC5-40EC-ADD0-E127C6FD65C3}.Debug|Any CPU.Build.0 = Debug|Any CPU
		{040E18BC-4FC5-40EC-ADD0-E127C6FD65C3}.Release|Any CPU.ActiveCfg = Release|Any CPU
		{040E18BC-4FC5-40EC-ADD0-E127C6FD65C3}.Release|Any CPU.Build.0 = Release|Any CPU
	EndGlobalSection
	GlobalSection(SolutionProperties) = preSolution
		HideSolutionNode = FALSE
	EndGlobalSection
	GlobalSection(ExtensibilityGlobals) = postSolution
		SolutionGuid = {CDAD1022-739A-4C88-AF4C-90C50623C6B9}
	EndGlobalSection
EndGlobal
